# THIS IS AN AUTOGENERATED FILE. DO NOT EDIT THIS FILE DIRECTLY.
# yarn lockfile v1


"app-layout@https://github.com/PolymerElements/app-layout.git#2.0.4":
  version "0.0.0"
  resolved "https://github.com/PolymerElements/app-layout.git#623997a76bea695a51de0d4e96e11a8198e367da"

"app-localize-behavior@https://github.com/PolymerElements/app-localize-behavior.git#2.0.0":
  version "0.0.0"
  resolved "https://github.com/PolymerElements/app-localize-behavior.git#7ae909ab94f38a910b9bb0c3b96490ec661252be"

"app-route@https://github.com/PolymerElements/app-route.git#2.0.2":
  version "0.0.0"
  resolved "https://github.com/PolymerElements/app-route.git#56a888dbff04db02d27359ce50132a85d24931bb"

async@2.5.0:
  version "2.5.0"
  resolved "https://registry.yarnpkg.com/async/-/async-2.5.0.tgz#843190fd6b7357a0b9e1c956edddd5ec8462b54d"
  dependencies:
    lodash "^4.14.0"

clipboard@^1.5.5:
  version "1.7.1"
  resolved "https://registry.yarnpkg.com/clipboard/-/clipboard-1.7.1.tgz#360d6d6946e99a7a1fef395e42ba92b5e9b5a16b"
  dependencies:
    good-listener "^1.2.2"
    select "^1.1.2"
    tiny-emitter "^2.0.0"

crypto-js@~3.1.5:
  version "3.1.8"
  resolved "https://registry.yarnpkg.com/crypto-js/-/crypto-js-3.1.8.tgz#715f070bf6014f2ae992a98b3929258b713f08d5"

delegate@^3.1.2:
  version "3.1.3"
  resolved "https://registry.yarnpkg.com/delegate/-/delegate-3.1.3.tgz#9a8251a777d7025faa55737bc3b071742127a9fd"

"font-roboto@https://github.com/Polymer/font-roboto.git#0.5.6":
  version "0.0.0"
  resolved "https://github.com/Polymer/font-roboto.git#868680d1e886091e9bc2539659ef6626a8cee5e8"

good-listener@^1.2.2:
  version "1.2.2"
  resolved "https://registry.yarnpkg.com/good-listener/-/good-listener-1.2.2.tgz#d53b30cdf9313dffb7dc9a0d477096aa6d145c50"
  dependencies:
    delegate "^3.1.2"

"google-apis@https://github.com/GoogleWebComponents/google-apis.git#2.0.0":
  version "0.0.0"
  resolved "https://github.com/GoogleWebComponents/google-apis.git#519662dcc5357e088979b7cad502cd468ac67d9f"

"google-map@https://github.com/GoogleWebComponents/google-map.git#2.0.2":
  version "0.0.0"
  resolved "https://github.com/GoogleWebComponents/google-map.git#5ad36c9db6292a7f82831df59ead17802165ae7c"

"google-tag-manager@https://github.com/sespiros/google-tag-manager.git#1.0.0":
  version "0.0.0"
  resolved "https://github.com/sespiros/google-tag-manager.git#5af41182119698986ba019ff7b24e716a013973c"

"google-youtube@https://github.com/GoogleWebComponents/google-youtube.git#2.0.0":
  version "0.0.0"
  resolved "https://github.com/GoogleWebComponents/google-youtube.git#c76b62693fb28ba3f7529946e16c20246c126827"

intl-messageformat-parser@1.2.0:
  version "1.2.0"
  resolved "https://registry.yarnpkg.com/intl-messageformat-parser/-/intl-messageformat-parser-1.2.0.tgz#5906b7f953ab7470e0dc8549097b648b991892ff"

"intl-messageformat@https://github.com/yahoo/intl-messageformat.git#2.1.0":
  version "2.1.0"
  resolved "https://github.com/yahoo/intl-messageformat.git#3a4e866bbc8a050b05762171ffbe4c31c85f8a96"
  dependencies:
    intl-messageformat-parser "1.2.0"

"iron-a11y-announcer@https://github.com/PolymerElements/iron-a11y-announcer.git#2.0.0":
  version "0.0.0"
  resolved "https://github.com/PolymerElements/iron-a11y-announcer.git#6f67e135f6a6371f879aceee1f08faee56330cab"

"iron-a11y-keys-behavior@https://github.com/PolymerElements/iron-a11y-keys-behavior.git#2.0.1":
  version "0.0.0"
  resolved "https://github.com/PolymerElements/iron-a11y-keys-behavior.git#a3f03fc3fb5a0d8e93eaa33c2b6c02c16098b402"

"iron-a11y-keys@https://github.com/PolymerElements/iron-a11y-keys.git#2.0.0":
  version "0.0.0"
  resolved "https://github.com/PolymerElements/iron-a11y-keys.git#933ff6e73629b6b32b5584b9649631ba1fde543c"

"iron-ajax@https://github.com/PolymerElements/iron-ajax.git#2.0.5":
  version "0.0.0"
  resolved "https://github.com/PolymerElements/iron-ajax.git#536c76a4206e08a16b364930855e46f58ce3565d"

"iron-behaviors@https://github.com/PolymerElements/iron-behaviors.git#2.0.0":
  version "0.0.0"
  resolved "https://github.com/PolymerElements/iron-behaviors.git#fbada8ba9910b4806f057b82f077f2013b7fd204"

"iron-checked-element-behavior@https://github.com/PolymerElements/iron-checked-element-behavior.git#2.0.0":
  version "0.0.0"
  resolved "https://github.com/PolymerElements/iron-checked-element-behavior.git#c3c6cf6038ea246c6952bbd46fb79cc70ea5fd16"

"iron-collapse@https://github.com/PolymerElements/iron-collapse.git#2.0.0":
  version "0.0.0"
  resolved "https://github.com/PolymerElements/iron-collapse.git#e4b68af74a36084456bc10db35252c01b2f7ad4d"

"iron-fit-behavior@https://github.com/PolymerElements/iron-fit-behavior.git#2.0.1":
  version "0.0.0"
  resolved "https://github.com/PolymerElements/iron-fit-behavior.git#8603fa1778ffa25b35f04d2c2f2deb2fa38bbb58"

"iron-flex-layout@https://github.com/PolymerElements/iron-flex-layout.git#2.0.0":
  version "0.0.0"
  resolved "https://github.com/PolymerElements/iron-flex-layout.git#a26a7edc3ba60204a8bb4a1f4865f7786dfc7af5"

"iron-form-element-behavior@https://github.com/PolymerElements/iron-form-element-behavior.git#2.0.0":
  version "0.0.0"
  resolved "https://github.com/PolymerElements/iron-form-element-behavior.git#6087b69013619e5b3e023a10824d25cf7530d1fc"

"iron-form@https://github.com/PolymerElements/iron-form.git#2.0.1":
  version "0.0.0"
  resolved "https://github.com/PolymerElements/iron-form.git#430bb2c9f82d08595dbe9479feb7ca1724582631"

"iron-icon@https://github.com/PolymerElements/iron-icon.git#2.0.1":
  version "0.0.0"
  resolved "https://github.com/PolymerElements/iron-icon.git#bfdf82f7c8eb4c205cb2d4af6996ffc98f41b1c1"

"iron-icons@https://github.com/PolymerElements/iron-icons.git#2.0.1":
  version "0.0.0"
  resolved "https://github.com/PolymerElements/iron-icons.git#8d999f711c42366c7f81247eddbd11882b473533"

"iron-iconset-svg@https://github.com/PolymerElements/iron-iconset-svg.git#2.1.0":
  version "0.0.0"
  resolved "https://github.com/PolymerElements/iron-iconset-svg.git#791acf9d965c7b539b57589769d085a0518e2235"

"iron-iconset@https://github.com/PolymerElements/iron-iconset.git#2.0.0":
  version "0.0.0"
  resolved "https://github.com/PolymerElements/iron-iconset.git#3942b106436cea4fefa620fb6ef1cd3033fa91d2"

"iron-image@https://github.com/PolymerElements/iron-image.git#2.1.2":
  version "0.0.0"
  resolved "https://github.com/PolymerElements/iron-image.git#3c5963de450252aef5d989a09a3915aa1e435da0"

"iron-input@https://github.com/PolymerElements/iron-input.git#2.0.1":
  version "0.0.0"
  resolved "https://github.com/PolymerElements/iron-input.git#354343f4bdad87de7049f6c8242941f2457a6b8c"

"iron-jsonp-library@https://github.com/PolymerElements/iron-jsonp-library.git#2.0.0":
  version "0.0.0"
  resolved "https://github.com/PolymerElements/iron-jsonp-library.git#0ecfa8abd188d81b03df65a38fde7d77f4a48c13"

"iron-localstorage@https://github.com/PolymerElements/iron-localstorage.git#2.0.0":
  version "0.0.0"
  resolved "https://github.com/PolymerElements/iron-localstorage.git#8528a3ed4c6de84e2cc5b9222bc186b5829a9c23"

"iron-location@https://github.com/PolymerElements/iron-location.git#2.0.2":
  version "0.0.0"
  resolved "https://github.com/PolymerElements/iron-location.git#10493907e6ba30b2bd9d21c0f91209d08416b4e8"

"iron-media-query@https://github.com/PolymerElements/iron-media-query.git#2.0.0":
  version "0.0.0"
  resolved "https://github.com/PolymerElements/iron-media-query.git#1840027d1ba76dad13304187e5ec5dc2cfc19f05"

"iron-menu-behavior@https://github.com/PolymerElements/iron-menu-behavior#2.0.1":
  version "0.0.0"
  resolved "https://github.com/PolymerElements/iron-menu-behavior#cf68d76ebcfebd57d1a73e53c47845a9956506e1"

"iron-meta@https://github.com/PolymerElements/iron-meta.git#2.0.2":
  version "0.0.0"
  resolved "https://github.com/PolymerElements/iron-meta.git#d98128f771ede383b9b5c5c5f1f63feb056b2786"

"iron-overlay-behavior@https://github.com/PolymerElements/iron-overlay-behavior.git#2.1.0":
  version "0.0.0"
  resolved "https://github.com/PolymerElements/iron-overlay-behavior.git#7ce638b97f7b66357ce7162de847194972e912b8"

"iron-pages@https://github.com/PolymerElements/iron-pages.git#2.0.0":
  version "0.0.0"
  resolved "https://github.com/PolymerElements/iron-pages.git#2c1967dbc5b6b4f02f7d05738fb8333736e5e029"

"iron-range-behavior@https://github.com/PolymerElements/iron-range-behavior.git#2.0.0":
  version "0.0.0"
  resolved "https://github.com/PolymerElements/iron-range-behavior.git#521b30fdd20f1e8118f141ed46d90655ac5f124a"

"iron-resizable-behavior@https://github.com/PolymerElements/iron-resizable-behavior.git#2.0.1":
  version "0.0.0"
  resolved "https://github.com/PolymerElements/iron-resizable-behavior.git#c96b96b9fe922c3692fa256cf3a60beaf786dfd0"

"iron-scroll-target-behavior@https://github.com/PolymerElements/iron-scroll-target-behavior.git#2.0.0":
  version "0.0.0"
  resolved "https://github.com/PolymerElements/iron-scroll-target-behavior.git#eaefca92b9e1c94a0e692a047a415b076b332e80"

"iron-selector@https://github.com/PolymerElements/iron-selector.git#2.0.0":
  version "0.0.0"
  resolved "https://github.com/PolymerElements/iron-selector.git#bcb18b50c4de2623bee094dd5e79071b2995a244"

"iron-validatable-behavior@https://github.com/PolymerElements/iron-validatable-behavior.git#2.0.0":
  version "0.0.0"
  resolved "https://github.com/PolymerElements/iron-validatable-behavior.git#1e3dcc441a4f72b97248e64e59b6b6d309009992"

jquery@3.2.1:
  version "3.2.1"
  resolved "https://registry.yarnpkg.com/jquery/-/jquery-3.2.1.tgz#5c4d9de652af6cd0a770154a631bba12b015c787"

"l2t-paper-slider@https://github.com/Link2Twenty/l2t-paper-slider.git#1.4.2":
  version "0.0.0"
  resolved "https://github.com/Link2Twenty/l2t-paper-slider.git#d438e46e76e6b96bec55665e0b94a85a9f651e4a"

lodash@^4.14.0:
  version "4.17.4"
  resolved "https://registry.yarnpkg.com/lodash/-/lodash-4.17.4.tgz#78203a4d1c328ae1d86dca6460e369b57f4055ae"

"neon-animation@https://github.com/PolymerElements/neon-animation.git#2.0.1":
  version "0.0.0"
  resolved "https://github.com/PolymerElements/neon-animation.git#0ae3e2710228bede7d241ddffa94d587202ad7ad"

oauth-signature@1.3.1:
  version "1.3.1"
  resolved "https://registry.yarnpkg.com/oauth-signature/-/oauth-signature-1.3.1.tgz#7075d01f6580524cde6049c9e587fd1e49b0ae17"
  dependencies:
    crypto-js "~3.1.5"
    uri-js "^2.1.1"

"paper-behaviors@https://github.com/PolymerElements/paper-behaviors.git#2.0.1":
  version "0.0.0"
  resolved "https://github.com/PolymerElements/paper-behaviors.git#a6fb186616a605de1d5f787181ff1fe6c3d448b9"

"paper-checkbox@https://github.com/PolymerElements/paper-checkbox.git#2.0.1":
  version "0.0.0"
  resolved "https://github.com/PolymerElements/paper-checkbox.git#befe1605a5f461cd8e634a6c82189e5997c91075"

"paper-dialog-behavior@https://github.com/PolymerElements/paper-dialog-behavior#2.0.1":
  version "0.0.0"
  resolved "https://github.com/PolymerElements/paper-dialog-behavior#2f3b60cbd63c251f939289af82cf8ed89439c3af"

"paper-dialog-scrollable@https://github.com/PolymerElements/paper-dialog-scrollable.git#2.1.0":
  version "0.0.0"
  resolved "https://github.com/PolymerElements/paper-dialog-scrollable.git#852b67551f34f1e48ec51d0e36c38576871e0b3d"

"paper-dialog@https://github.com/PolymerElements/paper-dialog.git#2.0.0":
  version "0.0.0"
  resolved "https://github.com/PolymerElements/paper-dialog.git#0ae043898d7ae75f3d8a81307e1bc1ec6a2b5dc4"

"paper-icon-button@https://github.com/PolymerElements/paper-icon-button.git#2.0.1":
  version "0.0.0"
  resolved "https://github.com/PolymerElements/paper-icon-button.git#89727d5251e57121ef9bf245f21e1c30d711e9ff"

"paper-input@https://github.com/PolymerElements/paper-input.git#2.0.2":
  version "0.0.0"
  resolved "https://github.com/PolymerElements/paper-input.git#c6c88f97555858602fcd7c482fcd9232b63ba058"

"paper-menu@https://github.com/PolymerElements/paper-menu.git#1.3.0":
  version "0.0.0"
  resolved "https://github.com/PolymerElements/paper-menu.git#7ca8ebfbdcca22fc98e5115c0ed72bf9d05848fe"

"paper-progress@https://github.com/PolymerElements/paper-progress.git#2.0.1":
  version "0.0.0"
  resolved "https://github.com/PolymerElements/paper-progress.git#abe7b27bb1651e1adac99d9878a4c87cd9b40d7d"

"paper-radio-button@https://github.com/PolymerElements/paper-radio-button.git#2.0.0":
  version "0.0.0"
  resolved "https://github.com/PolymerElements/paper-radio-button.git#2642fc7ee6e9a9371aa04a81c87dddd77a406944"

"paper-radio-group@https://github.com/PolymerElements/paper-radio-group.git#2.0.0":
  version "0.0.0"
  resolved "https://github.com/PolymerElements/paper-radio-group.git#21df8245ecc1812295ad171a30064297520fad43"

"paper-ripple@https://github.com/PolymerElements/paper-ripple.git#2.0.1":
  version "0.0.0"
  resolved "https://github.com/PolymerElements/paper-ripple.git#d0884e8508263e680fd9ee6c11b52c74a416f27f"

"paper-slider@https://github.com/PolymerElements/paper-slider.git#2.0.2":
  version "0.0.0"
  resolved "https://github.com/PolymerElements/paper-slider.git#2abcf4052ce04ad450b06f6800f11055cb26ce5b"

"paper-styles@https://github.com/PolymerElements/paper-styles.git#2.0.0":
  version "0.0.0"
  resolved "https://github.com/PolymerElements/paper-styles.git#739c14c9114dd3f80172e43d4ea2c5faf9bae132"

"paper-tabs@https://github.com/PolymerElements/paper-tabs.git#2.0.0":
  version "0.0.0"
  resolved "https://github.com/PolymerElements/paper-tabs.git#66e3d15a44acbb77ea09f663ab37b11bf18bdd5f"

"paper-toggle-button@https://github.com/PolymerElements/paper-toggle-button.git#2.0.0":
  version "0.0.0"
  resolved "https://github.com/PolymerElements/paper-toggle-button.git#3374d13e990891a751a4e8c383bfabedcf32848d"

"polymer@https://github.com/Polymer/polymer.git#2.2.0":
  version "2.2.0"
  resolved "https://github.com/Polymer/polymer.git#4e4696b082616ea3812d2bd40bf6821c82019046"

prismjs@1.8.3:
  version "1.8.3"
  resolved "https://registry.yarnpkg.com/prismjs/-/prismjs-1.8.3.tgz#4a3d140be5f2614a8987ca2330733a40d8ad207b"
  optionalDependencies:
    clipboard "^1.5.5"

select@^1.1.2:
  version "1.1.2"
  resolved "https://registry.yarnpkg.com/select/-/select-1.1.2.tgz#0e7350acdec80b1108528786ec1d4418d11b396d"

"shadycss@https://github.com/webcomponents/shadycss.git#1.0.6":
  version "1.0.6"
  resolved "https://github.com/webcomponents/shadycss.git#85d1b59214bc773b0a64393be03c7a85cd0eb354"

tiny-emitter@^2.0.0:
  version "2.0.2"
  resolved "https://registry.yarnpkg.com/tiny-emitter/-/tiny-emitter-2.0.2.tgz#82d27468aca5ade8e5fd1e6d22b57dd43ebdfb7c"

uri-js@^2.1.1:
  version "2.1.1"
  resolved "https://registry.yarnpkg.com/uri-js/-/uri-js-2.1.1.tgz#eb3f8505f468969bf92cb79ce8ceaac2ed667661"

web-animations-js@2.3.1:
  version "2.3.1"
  resolved "https://registry.yarnpkg.com/web-animations-js/-/web-animations-js-2.3.1.tgz#3a6d9bc15196377a90f8e2803fa5262165b04510"

"webcomponentsjs@https://github.com/webcomponents/webcomponentsjs.git#1.0.17":
  version "1.0.17"
  resolved "https://github.com/webcomponents/webcomponentsjs.git#97d3d6d960cbc59012d88cc54af430518a934af6"
